
Microsoft Visual Studio Solution File, Format Version 12.00
# Visual Studio Version 16
VisualStudioVersion = 16.0.31105.61
MinimumVisualStudioVersion = 10.0.40219.1
Project("{8BC9CEB8-8B4A-11D0-8D11-00A0C91BC942}") = "SEPD", "SEPD\SEPD.vcxproj", "{3361568A-AA89-4C57-93FB-B27F37630ECD}"
EndProject
Project("{54435603-DBB4-11D2-8724-00A0C9A8B90C}") = "the Journey of Carbon", "the Journey of Carbon\the Journey of Carbon.vdproj", "{162AB4AC-3F3B-4718-868E-8A986B22A197}"
EndProject
Global
	GlobalSection(SolutionConfigurationPlatforms) = preSolution
		Debug|x64 = Debug|x64
		Debug|x86 = Debug|x86
		Release|x64 = Release|x64
		Release|x86 = Release|x86
	EndGlobalSection
	GlobalSection(ProjectConfigurationPlatforms) = postSolution
		{3361568A-AA89-4C57-93FB-B27F37630ECD}.Debug|x64.ActiveCfg = Debug|x64
		{3361568A-AA89-4C57-93FB-B27F37630ECD}.Debug|x64.Build.0 = Debug|x64
		{3361568A-AA89-4C57-93FB-B27F37630ECD}.Debug|x86.ActiveCfg = Debug|Win32
		{3361568A-AA89-4C57-93FB-B27F37630ECD}.Debug|x86.Build.0 = Debug|Win32
		{3361568A-AA89-4C57-93FB-B27F37630ECD}.Release|x64.ActiveCfg = Release|x64
		{3361568A-AA89-4C57-93FB-B27F37630ECD}.Release|x64.Build.0 = Release|x64
		{3361568A-AA89-4C57-93FB-B27F37630ECD}.Release|x86.ActiveCfg = Release|Win32
		{3361568A-AA89-4C57-93FB-B27F37630ECD}.Release|x86.Build.0 = Release|Win32
		{162AB4AC-3F3B-4718-868E-8A986B22A197}.Debug|x64.ActiveCfg = Debug
		{162AB4AC-3F3B-4718-868E-8A986B22A197}.Debug|x86.ActiveCfg = Debug
		{162AB4AC-3F3B-4718-868E-8A986B22A197}.Release|x64.ActiveCfg = Release
		{162AB4AC-3F3B-4718-868E-8A986B22A197}.Release|x86.ActiveCfg = Release
	EndGlobalSection
	GlobalSection(SolutionProperties) = preSolution
		HideSolutionNode = FALSE
	EndGlobalSection
	GlobalSection(ExtensibilityGlobals) = postSolution
		SolutionGuid = {417E6267-40B4-4046-B6DF-87CE8C786EA8}
	EndGlobalSection
EndGlobal
